// !$*UTF8*$!
{
	archiveVersion = 1;
	classes = {
	};
	objectVersion = 50;
	objects = {

/* Begin PBXBuildFile section */
		70E1B6102264BF2D00DE8760 /* AppDelegate.m in Sources */ = {isa = PBXBuildFile; fileRef = 70E1B60F2264BF2D00DE8760 /* AppDelegate.m */; };
		70E1B6162264BF2D00DE8760 /* Main.storyboard in Resources */ = {isa = PBXBuildFile; fileRef = 70E1B6142264BF2D00DE8760 /* Main.storyboard */; };
		70E1B6182264BF3000DE8760 /* Assets.xcassets in Resources */ = {isa = PBXBuildFile; fileRef = 70E1B6172264BF3000DE8760 /* Assets.xcassets */; };
		70E1B61B2264BF3000DE8760 /* LaunchScreen.storyboard in Resources */ = {isa = PBXBuildFile; fileRef = 70E1B6192264BF3000DE8760 /* LaunchScreen.storyboard */; };
		70E1B61E2264BF3000DE8760 /* main.m in Sources */ = {isa = PBXBuildFile; fileRef = 70E1B61D2264BF3000DE8760 /* main.m */; };
		70E1B62A2264C0FF00DE8760 /* FDFeedCell.m in Sources */ = {isa = PBXBuildFile; fileRef = 70E1B6262264C0FF00DE8760 /* FDFeedCell.m */; };
		70E1B62B2264C0FF00DE8760 /* FDFeedViewController.m in Sources */ = {isa = PBXBuildFile; fileRef = 70E1B6282264C0FF00DE8760 /* FDFeedViewController.m */; };
		70E1B62C2264C0FF00DE8760 /* FDFeedEntity.m in Sources */ = {isa = PBXBuildFile; fileRef = 70E1B6292264C0FF00DE8760 /* FDFeedEntity.m */; };
		70E1B62E2264C22E00DE8760 /* data.json in Resources */ = {isa = PBXBuildFile; fileRef = 70E1B62D2264C22E00DE8760 /* data.json */; };
/* End PBXBuildFile section */

/* Begin PBXFileReference section */
		70E1B60B2264BF2D00DE8760 /* Demo.app */ = {isa = PBXFileReference; explicitFileType = wrapper.application; includeInIndex = 0; path = Demo.app; sourceTree = BUILT_PRODUCTS_DIR; };
		70E1B60E2264BF2D00DE8760 /* AppDelegate.h */ = {isa = PBXFileReference; lastKnownFileType = sourcecode.c.h; path = AppDelegate.h; sourceTree = "<group>"; };
		70E1B60F2264BF2D00DE8760 /* AppDelegate.m */ = {isa = PBXFileReference; lastKnownFileType = sourcecode.c.objc; path = AppDelegate.m; sourceTree = "<group>"; };
		70E1B6152264BF2D00DE8760 /* Base */ = {isa = PBXFileReference; lastKnownFileType = file.storyboard; name = Base; path = Base.lproj/Main.storyboard; sourceTree = "<group>"; };
		70E1B6172264BF3000DE8760 /* Assets.xcassets */ = {isa = PBXFileReference; lastKnownFileType = folder.assetcatalog; path = Assets.xcassets; sourceTree = "<group>"; };
		70E1B61A2264BF3000DE8760 /* Base */ = {isa = PBXFileReference; lastKnownFileType = file.storyboard; name = Base; path = Base.lproj/LaunchScreen.storyboard; sourceTree = "<group>"; };
		70E1B61C2264BF3000DE8760 /* Info.plist */ = {isa = PBXFileReference; lastKnownFileType = text.plist.xml; path = Info.plist; sourceTree = "<group>"; };
		70E1B61D2264BF3000DE8760 /* main.m */ = {isa = PBXFileReference; lastKnownFileType = sourcecode.c.objc; path = main.m; sourceTree = "<group>"; };
		70E1B6242264C0FF00DE8760 /* FDFeedCell.h */ = {isa = PBXFileReference; fileEncoding = 4; lastKnownFileType = sourcecode.c.h; path = FDFeedCell.h; sourceTree = "<group>"; };
		70E1B6252264C0FF00DE8760 /* FDFeedViewController.h */ = {isa = PBXFileReference; fileEncoding = 4; lastKnownFileType = sourcecode.c.h; path = FDFeedViewController.h; sourceTree = "<group>"; };
		70E1B6262264C0FF00DE8760 /* FDFeedCell.m */ = {isa = PBXFileReference; fileEncoding = 4; lastKnownFileType = sourcecode.c.objc; path = FDFeedCell.m; sourceTree = "<group>"; };
		70E1B6272264C0FF00DE8760 /* FDFeedEntity.h */ = {isa = PBXFileReference; fileEncoding = 4; lastKnownFileType = sourcecode.c.h; path = FDFeedEntity.h; sourceTree = "<group>"; };
		70E1B6282264C0FF00DE8760 /* FDFeedViewController.m */ = {isa = PBXFileReference; fileEncoding = 4; lastKnownFileType = sourcecode.c.objc; path = FDFeedViewController.m; sourceTree = "<group>"; };
		70E1B6292264C0FF00DE8760 /* FDFeedEntity.m */ = {isa = PBXFileReference; fileEncoding = 4; lastKnownFileType = sourcecode.c.objc; path = FDFeedEntity.m; sourceTree = "<group>"; };
		70E1B62D2264C22E00DE8760 /* data.json */ = {isa = PBXFileReference; fileEncoding = 4; lastKnownFileType = text.json; path = data.json; sourceTree = "<group>"; };
/* End PBXFileReference section */

/* Begin PBXFrameworksBuildPhase section */
		70E1B6082264BF2D00DE8760 /* Frameworks */ = {
			isa = PBXFrameworksBuildPhase;
			buildActionMask = 2147483647;
			files = (
			);
			runOnlyForDeploymentPostprocessing = 0;
		};
/* End PBXFrameworksBuildPhase section */

/* Begin PBXGroup section */
		70E1B6022264BF2D00DE8760 = {
			isa = PBXGroup;
			children = (
				70E1B60D2264BF2D00DE8760 /* Demo */,
				70E1B60C2264BF2D00DE8760 /* Products */,
			);
			sourceTree = "<group>";
		};
		70E1B60C2264BF2D00DE8760 /* Products */ = {
			isa = PBXGroup;
			children = (
				70E1B60B2264BF2D00DE8760 /* Demo.app */,
			);
			name = Products;
			sourceTree = "<group>";
		};
		70E1B60D2264BF2D00DE8760 /* Demo */ = {
			isa = PBXGroup;
			children = (
				70E1B62D2264C22E00DE8760 /* data.json */,
				70E1B6242264C0FF00DE8760 /* FDFeedCell.h */,
				70E1B6262264C0FF00DE8760 /* FDFeedCell.m */,
				70E1B6272264C0FF00DE8760 /* FDFeedEntity.h */,
				70E1B6292264C0FF00DE8760 /* FDFeedEntity.m */,
				70E1B6252264C0FF00DE8760 /* FDFeedViewController.h */,
				70E1B6282264C0FF00DE8760 /* FDFeedViewController.m */,
				70E1B60E2264BF2D00DE8760 /* AppDelegate.h */,
				70E1B60F2264BF2D00DE8760 /* AppDelegate.m */,
				70E1B6142264BF2D00DE8760 /* Main.storyboard */,
				70E1B6172264BF3000DE8760 /* Assets.xcassets */,
				70E1B6192264BF3000DE8760 /* LaunchScreen.storyboard */,
				70E1B61C2264BF3000DE8760 /* Info.plist */,
				70E1B61D2264BF3000DE8760 /* main.m */,
			);
			path = Demo;
			sourceTree = "<group>";
		};
/* End PBXGroup section */

/* Begin PBXNativeTarget section */
		70E1B60A2264BF2D00DE8760 /* Demo */ = {
			isa = PBXNativeTarget;
			buildConfigurationList = 70E1B6212264BF3000DE8760 /* Build configuration list for PBXNativeTarget "Demo" */;
			buildPhases = (
				70E1B6072264BF2D00DE8760 /* Sources */,
				70E1B6082264BF2D00DE8760 /* Frameworks */,
				70E1B6092264BF2D00DE8760 /* Resources */,
			);
			buildRules = (
			);
			dependencies = (
			);
			name = Demo;
			productName = Demo;
			productReference = 70E1B60B2264BF2D00DE8760 /* Demo.app */;
			productType = "com.apple.product-type.application";
		};
/* End PBXNativeTarget section */

/* Begin PBXProject section */
		70E1B6032264BF2D00DE8760 /* Project object */ = {
			isa = PBXProject;
			attributes = {
				LastUpgradeCheck = 1020;
				ORGANIZATIONNAME = nsfish;
				TargetAttributes = {
					70E1B60A2264BF2D00DE8760 = {
						CreatedOnToolsVersion = 10.2;
					};
				};
			};
			buildConfigurationList = 70E1B6062264BF2D00DE8760 /* Build configuration list for PBXProject "Demo" */;
			compatibilityVersion = "Xcode 9.3";
			developmentRegion = en;
			hasScannedForEncodings = 0;
			knownRegions = (
				en,
				Base,
			);
			mainGroup = 70E1B6022264BF2D00DE8760;
			productRefGroup = 70E1B60C2264BF2D00DE8760 /* Products */;
			projectDirPath = "";
			projectRoot = "";
			targets = (
				70E1B60A2264BF2D00DE8760 /* Demo */,
			);
		};
/* End PBXProject section */

/* Begin PBXResourcesBuildPhase section */
		70E1B6092264BF2D00DE8760 /* Resources */ = {
			isa = PBXResourcesBuildPhase;
			buildActionMask = 2147483647;
			files = (
				70E1B61B2264BF3000DE8760 /* LaunchScreen.storyboard in Resources */,
				70E1B6182264BF3000DE8760 /* Assets.xcassets in Resources */,
				70E1B6162264BF2D00DE8760 /* Main.storyboard in Resources */,
				70E1B62E2264C22E00DE8760 /* data.json in Resources */,
			);
			runOnlyForDeploymentPostprocessing = 0;
		};
/* End PBXResourcesBuildPhase section */

/* Begin PBXSourcesBuildPhase section */
		70E1B6072264BF2D00DE8760 /* Sources */ = {
			isa = PBXSourcesBuildPhase;
			buildActionMask = 2147483647;
			files = (
				70E1B61E2264BF3000DE8760 /* main.m in Sources */,
				70E1B6102264BF2D00DE8760 /* AppDelegate.m in Sources */,
				70E1B62B2264C0FF00DE8760 /* FDFeedViewController.m in Sources */,
				70E1B62A2264C0FF00DE8760 /* FDFeedCell.m in Sources */,
				70E1B62C2264C0FF00DE8760 /* FDFeedEntity.m in Sources */,
			);
			runOnlyForDeploymentPostprocessing = 0;
		};
/* End PBXSourcesBuildPhase section */

/* Begin PBXVariantGroup section */
		70E1B6142264BF2D00DE8760 /* Main.storyboard */ = {
			isa = PBXVariantGroup;
			children = (
				70E1B6152264BF2D00DE8760 /* Base */,
			);
			name = Main.storyboard;
			sourceTree = "<group>";
		};
		70E1B6192264BF3000DE8760 /* LaunchScreen.storyboard */ = {
			isa = PBXVariantGroup;
			children = (
				70E1B61A2264BF3000DE8760 /* Base */,
			);
			name = LaunchScreen.storyboard;
			sourceTree = "<group>";
		};
/* End PBXVariantGroup section */

/* Begin XCBuildConfiguration section */
		70E1B61F2264BF3000DE8760 /* Debug */ = {
			isa = XCBuildConfiguration;
			buildSettings = {
				ALWAYS_SEARCH_USER_PATHS = NO;
				CLANG_ANALYZER_NONNULL = YES;
				CLANG_ANALYZER_NUMBER_OBJECT_CONVERSION = YES_AGGRESSIVE;
				CLANG_CXX_LANGUAGE_STANDARD = "gnu++14";
				CLANG_CXX_LIBRARY = "libc++";
				CLANG_ENABLE_MODULES = YES;
				CLANG_ENABLE_OBJC_ARC = YES;
				CLANG_ENABLE_OBJC_WEAK = YES;
				CLANG_WARN_BLOCK_CAPTURE_AUTORELEASING = YES;
				CLANG_WARN_BOOL_CONVERSION = YES;
				CLANG_WARN_COMMA = YES;
				CLANG_WARN_CONSTANT_CONVERSION = YES;
				CLANG_WARN_DEPRECATED_OBJC_IMPLEMENTATIONS = YES;
				CLANG_WARN_DIRECT_OBJC_ISA_USAGE = YES_ERROR;
				CLANG_WARN_DOCUMENTATION_COMMENTS = YES;
				CLANG_WARN_EMPTY_BODY = YES;
				CLANG_WARN_ENUM_CONVERSION = YES;
				CLANG_WARN_INFINITE_RECURSION = YES;
				CLANG_WARN_INT_CONVERSION = YES;
				CLANG_WARN_NON_LITERAL_NULL_CONVERSION = YES;
				CLANG_WARN_OBJC_IMPLICIT_RETAIN_SELF = YES;
				CLANG_WARN_OBJC_LITERAL_CONVERSION = YES;
				CLANG_WARN_OBJC_ROOT_CLASS = YES_ERROR;
				CLANG_WARN_RANGE_LOOP_ANALYSIS = YES;
				CLANG_WARN_STRICT_PROTOTYPES = YES;
				CLANG_WARN_SUSPICIOUS_MOVE = YES;
				CLANG_WARN_UNGUARDED_AVAILABILITY = YES_AGGRESSIVE;
				CLANG_WARN_UNREACHABLE_CODE = YES;
				CLANG_WARN__DUPLICATE_METHOD_MATCH = YES;
				CODE_SIGN_IDENTITY = "iPhone Developer";
				COPY_PHASE_STRIP = NO;
				DEBUG_INFORMATION_FORMAT = dwarf;
				ENABLE_STRICT_OBJC_MSGSEND = YES;
				ENABLE_TESTABILITY = YES;
				GCC_C_LANGUAGE_STANDARD = gnu11;
				GCC_DYNAMIC_NO_PIC = NO;
				GCC_NO_COMMON_BLOCKS = YES;
				GCC_OPTIMIZATION_LEVEL = 0;
				GCC_PREPROCESSOR_DEFINITIONS = (
					"DEBUG=1",
					"$(inherited)",
				);
				GCC_WARN_64_TO_32_BIT_CONVERSION = YES;
				GCC_WARN_ABOUT_RETURN_TYPE = YES_ERROR;
				GCC_WARN_UNDECLARED_SELECTOR = YES;
				GCC_WARN_UNINITIALIZED_AUTOS = YES_AGGRESSIVE;
				GCC_WARN_UNUSED_FUNCTION = YES;
				GCC_WARN_UNUSED_VARIABLE = YES;
				IPHONEOS_DEPLOYMENT_TARGET = 12.2;
				MTL_ENABLE_DEBUG_INFO = INCLUDE_SOURCE;
				MTL_FAST_MATH = YES;
				ONLY_ACTIVE_ARCH = YES;
				SDKROOT = iphoneos;
			};
			name = Debug;
		};
		70E1B6202264BF3000DE8760 /* Release */ = {
			isa = XCBuildConfiguration;
			buildSettings = {
				ALWAYS_SEARCH_USER_PATHS = NO;
				CLANG_ANALYZER_NONNULL = YES;
				CLANG_ANALYZER_NUMBER_OBJECT_CONVERSION = YES_AGGRESSIVE;
				CLANG_CXX_LANGUAGE_STANDARD = "gnu++14";
				CLANG_CXX_LIBRARY = "libc++";
				CLANG_ENABLE_MODULES = YES;
				CLANG_ENABLE_OBJC_ARC = YES;
				CLANG_ENABLE_OBJC_WEAK = YES;
				CLANG_WARN_BLOCK_CAPTURE_AUTORELEASING = YES;
				CLANG_WARN_BOOL_CONVERSION = YES;
				CLANG_WARN_COMMA = YES;
				CLANG_WARN_CONSTANT_CONVERSION = YES;
				CLANG_WARN_DEPRECATED_OBJC_IMPLEMENTATIONS = YES;
				CLANG_WARN_DIRECT_OBJC_ISA_USAGE = YES_ERROR;
				CLANG_WARN_DOCUMENTATION_COMMENTS = YES;
				CLANG_WARN_EMPTY_BODY = YES;
				CLANG_WARN_ENUM_CONVERSION = YES;
				CLANG_WARN_INFINITE_RECURSION = YES;
				CLANG_WARN_INT_CONVERSION = YES;
				CLANG_WARN_NON_LITERAL_NULL_CONVERSION = YES;
				CLANG_WARN_OBJC_IMPLICIT_RETAIN_SELF = YES;
				CLANG_WARN_OBJC_LITERAL_CONVERSION = YES;
				CLANG_WARN_OBJC_ROOT_CLASS = YES_ERROR;
				CLANG_WARN_RANGE_LOOP_ANALYSIS = YES;
				CLANG_WARN_STRICT_PROTOTYPES = YES;
				CLANG_WARN_SUSPICIOUS_MOVE = YES;
				CLANG_WARN_UNGUARDED_AVAILABILITY = YES_AGGRESSIVE;
				CLANG_WARN_UNREACHABLE_CODE = YES;
				CLANG_WARN__DUPLICATE_METHOD_MATCH = YES;
				CODE_SIGN_IDENTITY = "iPhone Developer";
				COPY_PHASE_STRIP = NO;
				DEBUG_INFORMATION_FORMAT = "dwarf-with-dsym";
				ENABLE_NS_ASSERTIONS = NO;
				ENABLE_STRICT_OBJC_MSGSEND = YES;
				GCC_C_LANGUAGE_STANDARD = gnu11;
				GCC_NO_COMMON_BLOCKS = YES;
				GCC_WARN_64_TO_32_BIT_CONVERSION = YES;
				GCC_WARN_ABOUT_RETURN_TYPE = YES_ERROR;
				GCC_WARN_UNDECLARED_SELECTOR = YES;
				GCC_WARN_UNINITIALIZED_AUTOS = YES_AGGRESSIVE;
				GCC_WARN_UNUSED_FUNCTION = YES;
				GCC_WARN_UNUSED_VARIABLE = YES;
				IPHONEOS_DEPLOYMENT_TARGET = 12.2;
				MTL_ENABLE_DEBUG_INFO = NO;
				MTL_FAST_MATH = YES;
				SDKROOT = iphoneos;
				VALIDATE_PRODUCT = YES;
			};
			name = Release;
		};
		70E1B6222264BF3000DE8760 /* Debug */ = {
			isa = XCBuildConfiguration;
			buildSettings = {
				ASSETCATALOG_COMPILER_APPICON_NAME = AppIcon;
				CODE_SIGN_STYLE = Automatic;
				INFOPLIST_FILE = Demo/Info.plist;
				IPHONEOS_DEPLOYMENT_TARGET = 9.0;
				LD_RUNPATH_SEARCH_PATHS = (
					"$(inherited)",
					"@executable_path/Frameworks",
				);
				PRODUCT_BUNDLE_IDENTIFIER = xxx.Demo;
				PRODUCT_NAME = "$(TARGET_NAME)";
				TARGETED_DEVICE_FAMILY = "1,2";
			};
			name = Debug;
		};
		70E1B6232264BF3000DE8760 /* Release */ = {
			isa = XCBuildConfiguration;
			buildSettings = {
				ASSETCATALOG_COMPILER_APPICON_NAME = AppIcon;
				CODE_SIGN_STYLE = Automatic;
				INFOPLIST_FILE = Demo/Info.plist;
				IPHONEOS_DEPLOYMENT_TARGET = 9.0;
				LD_RUNPATH_SEARCH_PATHS = (
					"$(inherited)",
					"@executable_path/Frameworks",
				);
				PRODUCT_BUNDLE_IDENTIFIER = xxx.Demo;
				PRODUCT_NAME = "$(TARGET_NAME)";
				TARGETED_DEVICE_FAMILY = "1,2";
			};
			name = Release;
		};
/* End XCBuildConfiguration section */

/* Begin XCConfigurationList section */
		70E1B6062264BF2D00DE8760 /* Build configuration list for PBXProject "Demo" */ = {
			isa = XCConfigurationList;
			buildConfigurations = (
				70E1B61F2264BF3000DE8760 /* Debug */,
				70E1B6202264BF3000DE8760 /* Release */,
			);
			defaultConfigurationIsVisible = 0;
			defaultConfigurationName = Release;
		};
		70E1B6212264BF3000DE8760 /* Build configuration list for PBXNativeTarget "Demo" */ = {
			isa = XCConfigurationList;
			buildConfigurations = (
				70E1B6222264BF3000DE8760 /* Debug */,
				70E1B6232264BF3000DE8760 /* Release */,
			);
			defaultConfigurationIsVisible = 0;
			defaultConfigurationName = Release;
		};
/* End XCConfigurationList section */
	};
	rootObject = 70E1B6032264BF2D00DE8760 /* Project object */;
}
